
Microsoft Visual Studio Solution File, Format Version 12.00
# Visual Studio Version 16
VisualStudioVersion = 16.0.30907.101
MinimumVisualStudioVersion = 10.0.40219.1
Project("{F184B08F-C81C-45F6-A57F-5ABD9991F28F}") = "PointLib", "PointLib\PointLib.vbproj", "{A54392FC-5877-4A9B-ABDF-63D106D22C1D}"
EndProject
Project("{FAE04EC0-301F-11D3-BF4B-00C04F79EFBC}") = "FormsApp", "FormsApp\FormsApp.csproj", "{E105BF55-5D63-4941-A42B-BF3EC032C5F6}"
EndProject
Global
	GlobalSection(SolutionConfigurationPlatforms) = preSolution
		Debug|Any CPU = Debug|Any CPU
		Release|Any CPU = Release|Any CPU
	EndGlobalSection
	GlobalSection(ProjectConfigurationPlatforms) = postSolution
		{A54392FC-5877-4A9B-ABDF-63D106D22C1D}.Debug|Any CPU.ActiveCfg = Debug|Any CPU
		{A54392FC-5877-4A9B-ABDF-63D106D22C1D}.Debug|Any CPU.Build.0 = Debug|Any CPU
		{A54392FC-5877-4A9B-ABDF-63D106D22C1D}.Release|Any CPU.ActiveCfg = Release|Any CPU
		{A54392FC-5877-4A9B-ABDF-63D106D22C1D}.Release|Any CPU.Build.0 = Release|Any CPU
		{E105BF55-5D63-4941-A42B-BF3EC032C5F6}.Debug|Any CPU.ActiveCfg = Debug|Any CPU
		{E105BF55-5D63-4941-A42B-BF3EC032C5F6}.Debug|Any CPU.Build.0 = Debug|Any CPU
		{E105BF55-5D63-4941-A42B-BF3EC032C5F6}.Release|Any CPU.ActiveCfg = Release|Any CPU
		{E105BF55-5D63-4941-A42B-BF3EC032C5F6}.Release|Any CPU.Build.0 = Release|Any CPU
	EndGlobalSection
	GlobalSection(SolutionProperties) = preSolution
		HideSolutionNode = FALSE
	EndGlobalSection
	GlobalSection(ExtensibilityGlobals) = postSolution
		SolutionGuid = {7CA0B598-586A-4185-80AE-06AC46F3513F}
	EndGlobalSection
EndGlobal
